# @generated - this file is auto-generated by `mise lock` https://mise.en.dev/dev-tools/mise-lock.html

[[tools."aqua:LuaLS/lua-language-server"]]
version = "3.18.2"
backend = "aqua:LuaLS/lua-language-server"

[tools."aqua:LuaLS/lua-language-server"."platforms.linux-arm64"]
checksum = "sha256:273af33f26f4a1143f27c96d9f9e1188aba619c71e0807042134f66b4bd27f24"
url = "https://github.com/LuaLS/lua-language-server/releases/download/3.18.2/lua-language-server-3.18.2-linux-arm64.tar.gz"

[tools."aqua:LuaLS/lua-language-server"."platforms.linux-arm64-musl"]
checksum = "sha256:273af33f26f4a1143f27c96d9f9e1188aba619c71e0807042134f66b4bd27f24"
url = "https://github.com/LuaLS/lua-language-server/releases/download/3.18.2/lua-language-server-3.18.2-linux-arm64.tar.gz"

[tools."aqua:LuaLS/lua-language-server"."platforms.linux-x64"]
checksum = "sha256:ca71415dd19f19e30aaa35a4915aefca9fdb5fec31b98331cc3d77f778d539c5"
url = "https://github.com/LuaLS/lua-language-server/releases/download/3.18.2/lua-language-server-3.18.2-linux-x64.tar.gz"

[tools."aqua:LuaLS/lua-language-server"."platforms.linux-x64-musl"]
checksum = "sha256:ca71415dd19f19e30aaa35a4915aefca9fdb5fec31b98331cc3d77f778d539c5"
url = "https://github.com/LuaLS/lua-language-server/releases/download/3.18.2/lua-language-server-3.18.2-linux-x64.tar.gz"

[tools."aqua:LuaLS/lua-language-server"."platforms.macos-arm64"]
checksum = "sha256:cec99d70b1f612acec4a10a79a03664e3aa0c229d4d8a586cb3f928ec37d509e"
url = "https://github.com/LuaLS/lua-language-server/releases/download/3.18.2/lua-language-server-3.18.2-darwin-arm64.tar.gz"

[tools."aqua:LuaLS/lua-language-server"."platforms.macos-x64"]
checksum = "sha256:e26cfefe423dd7326fc7c649539e4d4aaa4f35f34d2fefd8af2ed7090b72c556"
url = "https://github.com/LuaLS/lua-language-server/releases/download/3.18.2/lua-language-server-3.18.2-darwin-x64.tar.gz"

[tools."aqua:LuaLS/lua-language-server"."platforms.windows-x64"]
checksum = "sha256:a4439a8f5e8e9e6505c11f045a7bf45db602124a1e246371c1dbe34924f3cf71"
url = "https://github.com/LuaLS/lua-language-server/releases/download/3.18.2/lua-language-server-3.18.2-win32-x64.zip"

[[tools."aqua:astral-sh/ruff"]]
version = "0.15.15"
backend = "aqua:astral-sh/ruff"

[tools."aqua:astral-sh/ruff"."platforms.linux-arm64"]
checksum = "sha256:46ea2750c0f21dab01f853d55a521a5f388f8573dab698735effdc6a94c9b293"
url = "https://github.com/astral-sh/ruff/releases/download/0.15.15/ruff-aarch64-unknown-linux-musl.tar.gz"
provenance = "github-attestations"

[tools."aqua:astral-sh/ruff"."platforms.linux-arm64-musl"]
checksum = "sha256:46ea2750c0f21dab01f853d55a521a5f388f8573dab698735effdc6a94c9b293"
url = "https://github.com/astral-sh/ruff/releases/download/0.15.15/ruff-aarch64-unknown-linux-musl.tar.gz"
provenance = "github-attestations"

[tools."aqua:astral-sh/ruff"."platforms.linux-x64"]
checksum = "sha256:c09b24fdec07d8ea73f7cbb32c38eb4f36f52298ac445dccf763171c898d8fc0"
url = "https://github.com/astral-sh/ruff/releases/download/0.15.15/ruff-x86_64-unknown-linux-musl.tar.gz"
provenance = "github-attestations"

[tools."aqua:astral-sh/ruff"."platforms.linux-x64-musl"]
checksum = "sha256:c09b24fdec07d8ea73f7cbb32c38eb4f36f52298ac445dccf763171c898d8fc0"
url = "https://github.com/astral-sh/ruff/releases/download/0.15.15/ruff-x86_64-unknown-linux-musl.tar.gz"
provenance = "github-attestations"

[tools."aqua:astral-sh/ruff"."platforms.macos-arm64"]
checksum = "sha256:2f7063e09d3c2af019b56f4fc6548199851e9387f359d696111af312adfe7619"
url = "https://github.com/astral-sh/ruff/releases/download/0.15.15/ruff-aarch64-apple-darwin.tar.gz"
provenance = "github-attestations"

[tools."aqua:astral-sh/ruff"."platforms.macos-x64"]
checksum = "sha256:e43d7c03701c7a436e18da455baf29e4be3379fb70887c4dc65091dfa73c1747"
url = "https://github.com/astral-sh/ruff/releases/download/0.15.15/ruff-x86_64-apple-darwin.tar.gz"
provenance = "github-attestations"

[tools."aqua:astral-sh/ruff"."platforms.windows-x64"]
checksum = "sha256:c336db29a9e9234310212bc0d0bec1f722ec44f8a62c77b3f96a300282c6ff6d"
url = "https://github.com/astral-sh/ruff/releases/download/0.15.15/ruff-x86_64-pc-windows-msvc.zip"
provenance = "github-attestations"

[[tools."aqua:hashicorp/terraform-ls"]]
version = "0.38.6"
backend = "aqua:hashicorp/terraform-ls"

[tools."aqua:hashicorp/terraform-ls"."platforms.linux-arm64"]
checksum = "sha256:a44b3df099f0ad8e88c96ea1110f965affee6e69b68ec44df25a593f5ee66cf3"
url = "https://releases.hashicorp.com/terraform-ls/0.38.6/terraform-ls_0.38.6_linux_arm64.zip"

[tools."aqua:hashicorp/terraform-ls"."platforms.linux-arm64-musl"]
checksum = "sha256:a44b3df099f0ad8e88c96ea1110f965affee6e69b68ec44df25a593f5ee66cf3"
url = "https://releases.hashicorp.com/terraform-ls/0.38.6/terraform-ls_0.38.6_linux_arm64.zip"

[tools."aqua:hashicorp/terraform-ls"."platforms.linux-x64"]
checksum = "sha256:79877f94a8eb175e6a58cf177839b0801acbfeccf968a2102e95d470fa3ad4a5"
url = "https://releases.hashicorp.com/terraform-ls/0.38.6/terraform-ls_0.38.6_linux_amd64.zip"

[tools."aqua:hashicorp/terraform-ls"."platforms.linux-x64-musl"]
checksum = "sha256:79877f94a8eb175e6a58cf177839b0801acbfeccf968a2102e95d470fa3ad4a5"
url = "https://releases.hashicorp.com/terraform-ls/0.38.6/terraform-ls_0.38.6_linux_amd64.zip"

[tools."aqua:hashicorp/terraform-ls"."platforms.macos-arm64"]
checksum = "sha256:ec1e20208ce7da55dc8798e280cc363535793e8827b6f97801184d7f21b2d08b"
url = "https://releases.hashicorp.com/terraform-ls/0.38.6/terraform-ls_0.38.6_darwin_arm64.zip"

[tools."aqua:hashicorp/terraform-ls"."platforms.macos-x64"]
checksum = "sha256:9c13350a6d99e48ab6ecaa0b8ad0fe52b7f5651a161091d2ee5d19fba3b25bf6"
url = "https://releases.hashicorp.com/terraform-ls/0.38.6/terraform-ls_0.38.6_darwin_amd64.zip"

[tools."aqua:hashicorp/terraform-ls"."platforms.windows-x64"]
checksum = "sha256:8dcc3a23a8166f5942575d64f6ff5467f6d501fa72bff89941b8cbaeb5ee3de2"
url = "https://releases.hashicorp.com/terraform-ls/0.38.6/terraform-ls_0.38.6_windows_amd64.zip"

[[tools.node]]
version = "24.16.0"
backend = "core:node"

[tools.node."platforms.linux-arm64"]
checksum = "sha256:589f5b6dd4fcfee4dfda73013903c966abaa8abd93dbc9d436544e472b4f0e74"
url = "https://nodejs.org/dist/v24.16.0/node-v24.16.0-linux-arm64.tar.gz"

[tools.node."platforms.linux-arm64-musl"]
checksum = "sha256:85dde27aa73503b03dadfa0410a800067b4e3f702fb7fcaa3beaf284dfcc69e9"
url = "https://unofficial-builds.nodejs.org/download/release/v24.16.0/node-v24.16.0-linux-arm64-musl.tar.gz"

[tools.node."platforms.linux-x64"]
checksum = "sha256:2faf6a387e9b62b888e21c54f01249fb27537ffecf1842f29f4c919d0a59a0ff"
url = "https://nodejs.org/dist/v24.16.0/node-v24.16.0-linux-x64.tar.gz"

[tools.node."platforms.linux-x64-musl"]
checksum = "sha256:50df5d8d474892d4f7b906167df36f77f5b93908f63dc532dc568219cab65841"
url = "https://unofficial-builds.nodejs.org/download/release/v24.16.0/node-v24.16.0-linux-x64-musl.tar.gz"

[tools.node."platforms.macos-arm64"]
checksum = "sha256:39189dab4eeb15706c424af0ac08a3044c9e48f7db12a7d77f6b7aafc7dd5df6"
url = "https://nodejs.org/dist/v24.16.0/node-v24.16.0-darwin-arm64.tar.gz"

[tools.node."platforms.macos-x64"]
checksum = "sha256:298b4c7b3cb80765c8703e42b90324a4ece3b6634947b89e769c3c980ab55185"
url = "https://nodejs.org/dist/v24.16.0/node-v24.16.0-darwin-x64.tar.gz"

[tools.node."platforms.windows-x64"]
checksum = "sha256:edaca9bd58ec8e92037dac4e877d52f6b8f430b81c18b57e264b4e2fb111cd56"
url = "https://nodejs.org/dist/v24.16.0/node-v24.16.0-win-x64.zip"

[[tools."npm:@vtsls/language-server"]]
version = "0.3.0"
backend = "npm:@vtsls/language-server"

[[tools."npm:basedpyright"]]
version = "1.39.6"
backend = "npm:basedpyright"
